NeoBundleLock jellybeans.vim 397f70ab232805474d8e7b687ad362cf12026318
NeoBundleLock lightline.vim 397f70ab232805474d8e7b687ad362cf12026318
NeoBundleLock molokai 397f70ab232805474d8e7b687ad362cf12026318
NeoBundleLock mustang-vim 397f70ab232805474d8e7b687ad362cf12026318
NeoBundleLock neobundle.vim f95ac5dc44b4022486fb234dd005891448a347b8
NeoBundleLock neocomplete.vim 397f70ab232805474d8e7b687ad362cf12026318
NeoBundleLock neosnippet 397f70ab232805474d8e7b687ad362cf12026318
NeoBundleLock neosnippet-snippets 397f70ab232805474d8e7b687ad362cf12026318
NeoBundleLock neosnippet.vim 397f70ab232805474d8e7b687ad362cf12026318
NeoBundleLock unite-colorscheme 397f70ab232805474d8e7b687ad362cf12026318
NeoBundleLock unite.vim 397f70ab232805474d8e7b687ad362cf12026318
NeoBundleLock vim-colors-solarized 528a59f26d12278698bb946f8fb82a63711eec21
NeoBundleLock vim-textmanip 397f70ab232805474d8e7b687ad362cf12026318
NeoBundleLock vimfiler.vim 397f70ab232805474d8e7b687ad362cf12026318
NeoBundleLock vimproc.vim 397f70ab232805474d8e7b687ad362cf12026318
NeoBundleLock vimshell.vim 397f70ab232805474d8e7b687ad362cf12026318
