NeoBundleLock jellybeans.vim f931895c20681684278aef2ffd810730b9c36ec3
NeoBundleLock lightline.vim 84f4bc66ad60769f0adb7ade53875e87740a905d
NeoBundleLock molokai c67bdfcdb31415aa0ade7f8c003261700a885476
NeoBundleLock mustang-vim 6533d7d21bf27cae94d9c2caa575f627f003dfd5
NeoBundleLock neobundle.vim f95ac5dc44b4022486fb234dd005891448a347b8
NeoBundleLock neocomplete.vim 9b1579561270aab942cc3386643e02e5e9b0d963
NeoBundleLock neosnippet 02176938f751e20a3a794e836aaba14e11eba34e
NeoBundleLock neosnippet-snippets 0dd4b86088c9162492411d4ec40a64fe369c4396
NeoBundleLock neosnippet.vim 02176938f751e20a3a794e836aaba14e11eba34e
NeoBundleLock unite-colorscheme 3aa33866a183f7659594a3f6b66b2334eaebc6a0
NeoBundleLock unite.vim b96b31db90bea2859b109e07123eeeecf07041c0
NeoBundleLock vim-colors-solarized 528a59f26d12278698bb946f8fb82a63711eec21
NeoBundleLock vim-textmanip 5382160a3a1831de711079ad62982eccb3f34016
NeoBundleLock vimfiler.vim f43f7364dfdd493ccba7aa63d6b9e1713088ee4f
NeoBundleLock vimproc.vim c809cb15f04f2ae62cb345365d2e76665294623b
NeoBundleLock vimshell.vim 7931e3bf9fbba738b26bb76143dfc1df17f7a99b
